
Microsoft Visual Studio Solution File, Format Version 12.00
# Visual Studio Version 16
VisualStudioVersion = 16.0.30011.22
MinimumVisualStudioVersion = 10.0.40219.1
Project("{FAE04EC0-301F-11D3-BF4B-00C04F79EFBC}") = "ChapterOne.ConnectToSW", "ChapterOne.ConnectToSW\ChapterOne.ConnectToSW.csproj", "{204811A3-6EE6-48BC-B238-F352032C5C16}"
EndProject
Project("{FAE04EC0-301F-11D3-BF4B-00C04F79EFBC}") = "Chapter2.NewDocument", "Chapter2.NewDocument\Chapter2.NewDocument.csproj", "{91ED190D-C46E-45B1-9A2A-93CFC23DD1DA}"
EndProject
Global
	GlobalSection(SolutionConfigurationPlatforms) = preSolution
		Debug|Any CPU = Debug|Any CPU
		Release|Any CPU = Release|Any CPU
	EndGlobalSection
	GlobalSection(ProjectConfigurationPlatforms) = postSolution
		{204811A3-6EE6-48BC-B238-F352032C5C16}.Debug|Any CPU.ActiveCfg = Debug|Any CPU
		{204811A3-6EE6-48BC-B238-F352032C5C16}.Debug|Any CPU.Build.0 = Debug|Any CPU
		{204811A3-6EE6-48BC-B238-F352032C5C16}.Release|Any CPU.ActiveCfg = Release|Any CPU
		{204811A3-6EE6-48BC-B238-F352032C5C16}.Release|Any CPU.Build.0 = Release|Any CPU
		{91ED190D-C46E-45B1-9A2A-93CFC23DD1DA}.Debug|Any CPU.ActiveCfg = Debug|Any CPU
		{91ED190D-C46E-45B1-9A2A-93CFC23DD1DA}.Debug|Any CPU.Build.0 = Debug|Any CPU
		{91ED190D-C46E-45B1-9A2A-93CFC23DD1DA}.Release|Any CPU.ActiveCfg = Release|Any CPU
		{91ED190D-C46E-45B1-9A2A-93CFC23DD1DA}.Release|Any CPU.Build.0 = Release|Any CPU
	EndGlobalSection
	GlobalSection(SolutionProperties) = preSolution
		HideSolutionNode = FALSE
	EndGlobalSection
	GlobalSection(ExtensibilityGlobals) = postSolution
		SolutionGuid = {48BE3BC4-5F30-4A6B-8A88-AA803FC30877}
	EndGlobalSection
EndGlobal
